{
  "name": "mbdigital-geo",
  "lockfileVersion": 3,
  "requires": true,
  "packages": {
    "": {
      "name": "mbdigital-geo",
      "workspaces": [
        "packages/*",
        "tools/*"
      ],
      "devDependencies": {
        "typescript": "~5.9.3"
      },
      "engines": {
        "node": ">=22"
      }
    },
    "node_modules/@mb-digital/geo": {
      "resolved": "packages/geo",
      "link": true
    },
    "node_modules/@mb-digital/geo-data": {
      "resolved": "packages/geo-data",
      "link": true
    },
    "node_modules/typescript": {
      "version": "5.9.3",
      "resolved": "https://registry.npmjs.org/typescript/-/typescript-5.9.3.tgz",
      "integrity": "sha512-jl1vZzPDinLr9eUt3J/t7V6FgNEw9QjvBPdysz9KfQDD41fQrC2Y4vKQdiaUpFT4bXlb1RHhLpp8wtm6M5TgSw==",
      "dev": true,
      "license": "Apache-2.0",
      "bin": {
        "tsc": "bin/tsc",
        "tsserver": "bin/tsserver"
      },
      "engines": {
        "node": ">=14.17"
      }
    },
    "packages/geo": {
      "name": "@mb-digital/geo",
      "version": "0.0.0",
      "license": "MIT",
      "devDependencies": {
        "typescript": "~5.9.3"
      },
      "engines": {
        "node": ">=20"
      }
    },
    "packages/geo-data": {
      "name": "@mb-digital/geo-data",
      "version": "0.0.0",
      "license": "ODbL-1.0"
    }
  }
}
